// !$*UTF8*$!
{
	archiveVersion = 1;
	classes = {
	};
	objectVersion = 46;
	objects = {

/* Begin PBXBuildFile section */
		635ED8B21F138DCF0039F36D /* AppDelegate.swift in Sources */ = {isa = PBXBuildFile; fileRef = 635ED8B11F138DCF0039F36D /* AppDelegate.swift */; };
		635ED8B41F138DCF0039F36D /* SettingsViewController.swift in Sources */ = {isa = PBXBuildFile; fileRef = 635ED8B31F138DCF0039F36D /* SettingsViewController.swift */; };
		635ED8B61F138DCF0039F36D /* MapViewController.swift in Sources */ = {isa = PBXBuildFile; fileRef = 635ED8B51F138DCF0039F36D /* MapViewController.swift */; };
		635ED8B91F138DCF0039F36D /* Main.storyboard in Resources */ = {isa = PBXBuildFile; fileRef = 635ED8B71F138DCF0039F36D /* Main.storyboard */; };
		635ED8BB1F138DCF0039F36D /* Assets.xcassets in Resources */ = {isa = PBXBuildFile; fileRef = 635ED8BA1F138DCF0039F36D /* Assets.xcassets */; };
		635ED8BE1F138DCF0039F36D /* LaunchScreen.storyboard in Resources */ = {isa = PBXBuildFile; fileRef = 635ED8BC1F138DCF0039F36D /* LaunchScreen.storyboard */; };
		638CBA731F13CEA500EBB8C3 /* SenateTableViewController.swift in Sources */ = {isa = PBXBuildFile; fileRef = 638CBA721F13CEA500EBB8C3 /* SenateTableViewController.swift */; };
		638CBA751F13CEB900EBB8C3 /* SenateCell.swift in Sources */ = {isa = PBXBuildFile; fileRef = 638CBA741F13CEB900EBB8C3 /* SenateCell.swift */; };
		638CBA771F13CF8100EBB8C3 /* InfoViewController.swift in Sources */ = {isa = PBXBuildFile; fileRef = 638CBA761F13CF8100EBB8C3 /* InfoViewController.swift */; };
		638CBA791F13CF9100EBB8C3 /* EmailViewController.swift in Sources */ = {isa = PBXBuildFile; fileRef = 638CBA781F13CF9100EBB8C3 /* EmailViewController.swift */; };
		639E88BF1F1517B800D290B9 /* GoogleService-Info.plist in Resources */ = {isa = PBXBuildFile; fileRef = 639E88BE1F1517B800D290B9 /* GoogleService-Info.plist */; };
		639E88C11F16674000D290B9 /* Senator.swift in Sources */ = {isa = PBXBuildFile; fileRef = 639E88C01F16674000D290B9 /* Senator.swift */; };
		787CC873F399A633FD1FA135 /* Pods_MyGov.framework in Frameworks */ = {isa = PBXBuildFile; fileRef = E87F007407DEA32A43BED5AD /* Pods_MyGov.framework */; };
/* End PBXBuildFile section */

/* Begin PBXFileReference section */
		635ED8AE1F138DCF0039F36D /* MyGov.app */ = {isa = PBXFileReference; explicitFileType = wrapper.application; includeInIndex = 0; path = MyGov.app; sourceTree = BUILT_PRODUCTS_DIR; };
		635ED8B11F138DCF0039F36D /* AppDelegate.swift */ = {isa = PBXFileReference; lastKnownFileType = sourcecode.swift; path = AppDelegate.swift; sourceTree = "<group>"; };
		635ED8B31F138DCF0039F36D /* SettingsViewController.swift */ = {isa = PBXFileReference; lastKnownFileType = sourcecode.swift; path = SettingsViewController.swift; sourceTree = "<group>"; };
		635ED8B51F138DCF0039F36D /* MapViewController.swift */ = {isa = PBXFileReference; lastKnownFileType = sourcecode.swift; path = MapViewController.swift; sourceTree = "<group>"; };
		635ED8B81F138DCF0039F36D /* Base */ = {isa = PBXFileReference; lastKnownFileType = file.storyboard; name = Base; path = Base.lproj/Main.storyboard; sourceTree = "<group>"; };
		635ED8BA1F138DCF0039F36D /* Assets.xcassets */ = {isa = PBXFileReference; lastKnownFileType = folder.assetcatalog; path = Assets.xcassets; sourceTree = "<group>"; };
		635ED8BD1F138DCF0039F36D /* Base */ = {isa = PBXFileReference; lastKnownFileType = file.storyboard; name = Base; path = Base.lproj/LaunchScreen.storyboard; sourceTree = "<group>"; };
		635ED8BF1F138DCF0039F36D /* Info.plist */ = {isa = PBXFileReference; lastKnownFileType = text.plist.xml; path = Info.plist; sourceTree = "<group>"; };
		638CBA721F13CEA500EBB8C3 /* SenateTableViewController.swift */ = {isa = PBXFileReference; fileEncoding = 4; lastKnownFileType = sourcecode.swift; path = SenateTableViewController.swift; sourceTree = "<group>"; };
		638CBA741F13CEB900EBB8C3 /* SenateCell.swift */ = {isa = PBXFileReference; fileEncoding = 4; lastKnownFileType = sourcecode.swift; path = SenateCell.swift; sourceTree = "<group>"; };
		638CBA761F13CF8100EBB8C3 /* InfoViewController.swift */ = {isa = PBXFileReference; fileEncoding = 4; lastKnownFileType = sourcecode.swift; path = InfoViewController.swift; sourceTree = "<group>"; };
		638CBA781F13CF9100EBB8C3 /* EmailViewController.swift */ = {isa = PBXFileReference; fileEncoding = 4; lastKnownFileType = sourcecode.swift; path = EmailViewController.swift; sourceTree = "<group>"; };
		639E88BE1F1517B800D290B9 /* GoogleService-Info.plist */ = {isa = PBXFileReference; fileEncoding = 4; lastKnownFileType = text.plist.xml; name = "GoogleService-Info.plist"; path = "../../../../Downloads/GoogleService-Info.plist"; sourceTree = "<group>"; };
		639E88C01F16674000D290B9 /* Senator.swift */ = {isa = PBXFileReference; fileEncoding = 4; lastKnownFileType = sourcecode.swift; path = Senator.swift; sourceTree = "<group>"; };
		74A715529CD92C4A504D9F4C /* Pods-MyGov.debug.xcconfig */ = {isa = PBXFileReference; includeInIndex = 1; lastKnownFileType = text.xcconfig; name = "Pods-MyGov.debug.xcconfig"; path = "Pods/Target Support Files/Pods-MyGov/Pods-MyGov.debug.xcconfig"; sourceTree = "<group>"; };
		B3320302B084EA5A54015C1F /* Pods-MyGov.release.xcconfig */ = {isa = PBXFileReference; includeInIndex = 1; lastKnownFileType = text.xcconfig; name = "Pods-MyGov.release.xcconfig"; path = "Pods/Target Support Files/Pods-MyGov/Pods-MyGov.release.xcconfig"; sourceTree = "<group>"; };
		E87F007407DEA32A43BED5AD /* Pods_MyGov.framework */ = {isa = PBXFileReference; explicitFileType = wrapper.framework; includeInIndex = 0; path = Pods_MyGov.framework; sourceTree = BUILT_PRODUCTS_DIR; };
/* End PBXFileReference section */

/* Begin PBXFrameworksBuildPhase section */
		635ED8AB1F138DCF0039F36D /* Frameworks */ = {
			isa = PBXFrameworksBuildPhase;
			buildActionMask = 2147483647;
			files = (
				787CC873F399A633FD1FA135 /* Pods_MyGov.framework in Frameworks */,
			);
			runOnlyForDeploymentPostprocessing = 0;
		};
/* End PBXFrameworksBuildPhase section */

/* Begin PBXGroup section */
		52821B6F113990FCBFFC506D /* Pods */ = {
			isa = PBXGroup;
			children = (
				74A715529CD92C4A504D9F4C /* Pods-MyGov.debug.xcconfig */,
				B3320302B084EA5A54015C1F /* Pods-MyGov.release.xcconfig */,
			);
			name = Pods;
			sourceTree = "<group>";
		};
		635ED8A51F138DCF0039F36D = {
			isa = PBXGroup;
			children = (
				635ED8B01F138DCF0039F36D /* MyGov */,
				635ED8AF1F138DCF0039F36D /* Products */,
				52821B6F113990FCBFFC506D /* Pods */,
				8FE67518395B45089813A4C8 /* Frameworks */,
			);
			sourceTree = "<group>";
		};
		635ED8AF1F138DCF0039F36D /* Products */ = {
			isa = PBXGroup;
			children = (
				635ED8AE1F138DCF0039F36D /* MyGov.app */,
			);
			name = Products;
			sourceTree = "<group>";
		};
		635ED8B01F138DCF0039F36D /* MyGov */ = {
			isa = PBXGroup;
			children = (
				635ED8B11F138DCF0039F36D /* AppDelegate.swift */,
				635ED8B31F138DCF0039F36D /* SettingsViewController.swift */,
				635ED8B51F138DCF0039F36D /* MapViewController.swift */,
				635ED8B71F138DCF0039F36D /* Main.storyboard */,
				638CBA761F13CF8100EBB8C3 /* InfoViewController.swift */,
				638CBA781F13CF9100EBB8C3 /* EmailViewController.swift */,
				638CBA721F13CEA500EBB8C3 /* SenateTableViewController.swift */,
				638CBA741F13CEB900EBB8C3 /* SenateCell.swift */,
				635ED8BA1F138DCF0039F36D /* Assets.xcassets */,
				635ED8BC1F138DCF0039F36D /* LaunchScreen.storyboard */,
				635ED8BF1F138DCF0039F36D /* Info.plist */,
				639E88BE1F1517B800D290B9 /* GoogleService-Info.plist */,
				639E88C01F16674000D290B9 /* Senator.swift */,
			);
			path = MyGov;
			sourceTree = "<group>";
		};
		8FE67518395B45089813A4C8 /* Frameworks */ = {
			isa = PBXGroup;
			children = (
				E87F007407DEA32A43BED5AD /* Pods_MyGov.framework */,
			);
			name = Frameworks;
			sourceTree = "<group>";
		};
/* End PBXGroup section */

/* Begin PBXNativeTarget section */
		635ED8AD1F138DCF0039F36D /* MyGov */ = {
			isa = PBXNativeTarget;
			buildConfigurationList = 635ED8C21F138DCF0039F36D /* Build configuration list for PBXNativeTarget "MyGov" */;
			buildPhases = (
				3B1933131534B0646E44F5D2 /* [CP] Check Pods Manifest.lock */,
				635ED8AA1F138DCF0039F36D /* Sources */,
				635ED8AB1F138DCF0039F36D /* Frameworks */,
				635ED8AC1F138DCF0039F36D /* Resources */,
				CDE057483C8CFAA33924B1EF /* [CP] Embed Pods Frameworks */,
				597FC0B35F14E78A1736FD17 /* [CP] Copy Pods Resources */,
			);
			buildRules = (
			);
			dependencies = (
			);
			name = MyGov;
			productName = MyGov;
			productReference = 635ED8AE1F138DCF0039F36D /* MyGov.app */;
			productType = "com.apple.product-type.application";
		};
/* End PBXNativeTarget section */

/* Begin PBXProject section */
		635ED8A61F138DCF0039F36D /* Project object */ = {
			isa = PBXProject;
			attributes = {
				LastSwiftUpdateCheck = 0830;
				LastUpgradeCheck = 0830;
				ORGANIZATIONNAME = "David Brown";
				TargetAttributes = {
					635ED8AD1F138DCF0039F36D = {
						CreatedOnToolsVersion = 8.3.3;
						DevelopmentTeam = X62Z6HXVND;
						ProvisioningStyle = Automatic;
					};
				};
			};
			buildConfigurationList = 635ED8A91F138DCF0039F36D /* Build configuration list for PBXProject "MyGov" */;
			compatibilityVersion = "Xcode 3.2";
			developmentRegion = English;
			hasScannedForEncodings = 0;
			knownRegions = (
				en,
				Base,
			);
			mainGroup = 635ED8A51F138DCF0039F36D;
			productRefGroup = 635ED8AF1F138DCF0039F36D /* Products */;
			projectDirPath = "";
			projectRoot = "";
			targets = (
				635ED8AD1F138DCF0039F36D /* MyGov */,
			);
		};
/* End PBXProject section */

/* Begin PBXResourcesBuildPhase section */
		635ED8AC1F138DCF0039F36D /* Resources */ = {
			isa = PBXResourcesBuildPhase;
			buildActionMask = 2147483647;
			files = (
				635ED8BE1F138DCF0039F36D /* LaunchScreen.storyboard in Resources */,
				639E88BF1F1517B800D290B9 /* GoogleService-Info.plist in Resources */,
				635ED8BB1F138DCF0039F36D /* Assets.xcassets in Resources */,
				635ED8B91F138DCF0039F36D /* Main.storyboard in Resources */,
			);
			runOnlyForDeploymentPostprocessing = 0;
		};
/* End PBXResourcesBuildPhase section */

/* Begin PBXShellScriptBuildPhase section */
		3B1933131534B0646E44F5D2 /* [CP] Check Pods Manifest.lock */ = {
			isa = PBXShellScriptBuildPhase;
			buildActionMask = 2147483647;
			files = (
			);
			inputPaths = (
				"${PODS_PODFILE_DIR_PATH}/Podfile.lock",
				"${PODS_ROOT}/Manifest.lock",
			);
			name = "[CP] Check Pods Manifest.lock";
			outputPaths = (
				"$(DERIVED_FILE_DIR)/Pods-MyGov-checkManifestLockResult.txt",
			);
			runOnlyForDeploymentPostprocessing = 0;
			shellPath = /bin/sh;
			shellScript = "diff \"${PODS_PODFILE_DIR_PATH}/Podfile.lock\" \"${PODS_ROOT}/Manifest.lock\" > /dev/null\nif [ $? != 0 ] ; then\n    # print error to STDERR\n    echo \"error: The sandbox is not in sync with the Podfile.lock. Run 'pod install' or update your CocoaPods installation.\" >&2\n    exit 1\nfi\n# This output is used by Xcode 'outputs' to avoid re-running this script phase.\necho \"SUCCESS\" > \"${SCRIPT_OUTPUT_FILE_0}\"\n";
			showEnvVarsInLog = 0;
		};
		597FC0B35F14E78A1736FD17 /* [CP] Copy Pods Resources */ = {
			isa = PBXShellScriptBuildPhase;
			buildActionMask = 2147483647;
			files = (
			);
			inputPaths = (
			);
			name = "[CP] Copy Pods Resources";
			outputPaths = (
			);
			runOnlyForDeploymentPostprocessing = 0;
			shellPath = /bin/sh;
			shellScript = "\"${SRCROOT}/Pods/Target Support Files/Pods-MyGov/Pods-MyGov-resources.sh\"\n";
			showEnvVarsInLog = 0;
		};
		CDE057483C8CFAA33924B1EF /* [CP] Embed Pods Frameworks */ = {
			isa = PBXShellScriptBuildPhase;
			buildActionMask = 2147483647;
			files = (
			);
			inputPaths = (
				"${SRCROOT}/Pods/Target Support Files/Pods-MyGov/Pods-MyGov-frameworks.sh",
				"${BUILT_PRODUCTS_DIR}/Alamofire/Alamofire.framework",
				"${BUILT_PRODUCTS_DIR}/AlamofireImage/AlamofireImage.framework",
				"${BUILT_PRODUCTS_DIR}/Bolts/Bolts.framework",
				"${BUILT_PRODUCTS_DIR}/FBSDKCoreKit/FBSDKCoreKit.framework",
				"${BUILT_PRODUCTS_DIR}/FBSDKLoginKit/FBSDKLoginKit.framework",
				"${BUILT_PRODUCTS_DIR}/FacebookCore/FacebookCore.framework",
				"${BUILT_PRODUCTS_DIR}/FacebookLogin/FacebookLogin.framework",
				"${BUILT_PRODUCTS_DIR}/Gloss/Gloss.framework",
				"${BUILT_PRODUCTS_DIR}/GoogleToolboxForMac/GoogleToolboxForMac.framework",
			);
			name = "[CP] Embed Pods Frameworks";
			outputPaths = (
				"${TARGET_BUILD_DIR}/${FRAMEWORKS_FOLDER_PATH}/Alamofire.framework",
				"${TARGET_BUILD_DIR}/${FRAMEWORKS_FOLDER_PATH}/AlamofireImage.framework",
				"${TARGET_BUILD_DIR}/${FRAMEWORKS_FOLDER_PATH}/Bolts.framework",
				"${TARGET_BUILD_DIR}/${FRAMEWORKS_FOLDER_PATH}/FBSDKCoreKit.framework",
				"${TARGET_BUILD_DIR}/${FRAMEWORKS_FOLDER_PATH}/FBSDKLoginKit.framework",
				"${TARGET_BUILD_DIR}/${FRAMEWORKS_FOLDER_PATH}/FacebookCore.framework",
				"${TARGET_BUILD_DIR}/${FRAMEWORKS_FOLDER_PATH}/FacebookLogin.framework",
				"${TARGET_BUILD_DIR}/${FRAMEWORKS_FOLDER_PATH}/Gloss.framework",
				"${TARGET_BUILD_DIR}/${FRAMEWORKS_FOLDER_PATH}/GoogleToolboxForMac.framework",
			);
			runOnlyForDeploymentPostprocessing = 0;
			shellPath = /bin/sh;
			shellScript = "\"${SRCROOT}/Pods/Target Support Files/Pods-MyGov/Pods-MyGov-frameworks.sh\"\n";
			showEnvVarsInLog = 0;
		};
/* End PBXShellScriptBuildPhase section */

/* Begin PBXSourcesBuildPhase section */
		635ED8AA1F138DCF0039F36D /* Sources */ = {
			isa = PBXSourcesBuildPhase;
			buildActionMask = 2147483647;
			files = (
				635ED8B61F138DCF0039F36D /* MapViewController.swift in Sources */,
				638CBA731F13CEA500EBB8C3 /* SenateTableViewController.swift in Sources */,
				638CBA751F13CEB900EBB8C3 /* SenateCell.swift in Sources */,
				635ED8B21F138DCF0039F36D /* AppDelegate.swift in Sources */,
				639E88C11F16674000D290B9 /* Senator.swift in Sources */,
				638CBA771F13CF8100EBB8C3 /* InfoViewController.swift in Sources */,
				638CBA791F13CF9100EBB8C3 /* EmailViewController.swift in Sources */,
				635ED8B41F138DCF0039F36D /* SettingsViewController.swift in Sources */,
			);
			runOnlyForDeploymentPostprocessing = 0;
		};
/* End PBXSourcesBuildPhase section */

/* Begin PBXVariantGroup section */
		635ED8B71F138DCF0039F36D /* Main.storyboard */ = {
			isa = PBXVariantGroup;
			children = (
				635ED8B81F138DCF0039F36D /* Base */,
			);
			name = Main.storyboard;
			sourceTree = "<group>";
		};
		635ED8BC1F138DCF0039F36D /* LaunchScreen.storyboard */ = {
			isa = PBXVariantGroup;
			children = (
				635ED8BD1F138DCF0039F36D /* Base */,
			);
			name = LaunchScreen.storyboard;
			sourceTree = "<group>";
		};
/* End PBXVariantGroup section */

/* Begin XCBuildConfiguration section */
		635ED8C01F138DCF0039F36D /* Debug */ = {
			isa = XCBuildConfiguration;
			buildSettings = {
				ALWAYS_SEARCH_USER_PATHS = NO;
				CLANG_ANALYZER_NONNULL = YES;
				CLANG_ANALYZER_NUMBER_OBJECT_CONVERSION = YES_AGGRESSIVE;
				CLANG_CXX_LANGUAGE_STANDARD = "gnu++0x";
				CLANG_CXX_LIBRARY = "libc++";
				CLANG_ENABLE_MODULES = YES;
				CLANG_ENABLE_OBJC_ARC = YES;
				CLANG_WARN_BOOL_CONVERSION = YES;
				CLANG_WARN_CONSTANT_CONVERSION = YES;
				CLANG_WARN_DIRECT_OBJC_ISA_USAGE = YES_ERROR;
				CLANG_WARN_DOCUMENTATION_COMMENTS = YES;
				CLANG_WARN_EMPTY_BODY = YES;
				CLANG_WARN_ENUM_CONVERSION = YES;
				CLANG_WARN_INFINITE_RECURSION = YES;
				CLANG_WARN_INT_CONVERSION = YES;
				CLANG_WARN_OBJC_ROOT_CLASS = YES_ERROR;
				CLANG_WARN_SUSPICIOUS_MOVE = YES;
				CLANG_WARN_UNREACHABLE_CODE = YES;
				CLANG_WARN__DUPLICATE_METHOD_MATCH = YES;
				"CODE_SIGN_IDENTITY[sdk=iphoneos*]" = "iPhone Developer";
				COPY_PHASE_STRIP = NO;
				DEBUG_INFORMATION_FORMAT = dwarf;
				ENABLE_STRICT_OBJC_MSGSEND = YES;
				ENABLE_TESTABILITY = YES;
				GCC_C_LANGUAGE_STANDARD = gnu99;
				GCC_DYNAMIC_NO_PIC = NO;
				GCC_NO_COMMON_BLOCKS = YES;
				GCC_OPTIMIZATION_LEVEL = 0;
				GCC_PREPROCESSOR_DEFINITIONS = (
					"DEBUG=1",
					"$(inherited)",
				);
				GCC_WARN_64_TO_32_BIT_CONVERSION = YES;
				GCC_WARN_ABOUT_RETURN_TYPE = YES_ERROR;
				GCC_WARN_UNDECLARED_SELECTOR = YES;
				GCC_WARN_UNINITIALIZED_AUTOS = YES_AGGRESSIVE;
				GCC_WARN_UNUSED_FUNCTION = YES;
				GCC_WARN_UNUSED_VARIABLE = YES;
				IPHONEOS_DEPLOYMENT_TARGET = 10.3;
				MTL_ENABLE_DEBUG_INFO = YES;
				ONLY_ACTIVE_ARCH = YES;
				SDKROOT = iphoneos;
				SWIFT_ACTIVE_COMPILATION_CONDITIONS = DEBUG;
				SWIFT_OPTIMIZATION_LEVEL = "-Onone";
				TARGETED_DEVICE_FAMILY = "1,2";
			};
			name = Debug;
		};
		635ED8C11F138DCF0039F36D /* Release */ = {
			isa = XCBuildConfiguration;
			buildSettings = {
				ALWAYS_SEARCH_USER_PATHS = NO;
				CLANG_ANALYZER_NONNULL = YES;
				CLANG_ANALYZER_NUMBER_OBJECT_CONVERSION = YES_AGGRESSIVE;
				CLANG_CXX_LANGUAGE_STANDARD = "gnu++0x";
				CLANG_CXX_LIBRARY = "libc++";
				CLANG_ENABLE_MODULES = YES;
				CLANG_ENABLE_OBJC_ARC = YES;
				CLANG_WARN_BOOL_CONVERSION = YES;
				CLANG_WARN_CONSTANT_CONVERSION = YES;
				CLANG_WARN_DIRECT_OBJC_ISA_USAGE = YES_ERROR;
				CLANG_WARN_DOCUMENTATION_COMMENTS = YES;
				CLANG_WARN_EMPTY_BODY = YES;
				CLANG_WARN_ENUM_CONVERSION = YES;
				CLANG_WARN_INFINITE_RECURSION = YES;
				CLANG_WARN_INT_CONVERSION = YES;
				CLANG_WARN_OBJC_ROOT_CLASS = YES_ERROR;
				CLANG_WARN_SUSPICIOUS_MOVE = YES;
				CLANG_WARN_UNREACHABLE_CODE = YES;
				CLANG_WARN__DUPLICATE_METHOD_MATCH = YES;
				"CODE_SIGN_IDENTITY[sdk=iphoneos*]" = "iPhone Developer";
				COPY_PHASE_STRIP = NO;
				DEBUG_INFORMATION_FORMAT = "dwarf-with-dsym";
				ENABLE_NS_ASSERTIONS = NO;
				ENABLE_STRICT_OBJC_MSGSEND = YES;
				GCC_C_LANGUAGE_STANDARD = gnu99;
				GCC_NO_COMMON_BLOCKS = YES;
				GCC_WARN_64_TO_32_BIT_CONVERSION = YES;
				GCC_WARN_ABOUT_RETURN_TYPE = YES_ERROR;
				GCC_WARN_UNDECLARED_SELECTOR = YES;
				GCC_WARN_UNINITIALIZED_AUTOS = YES_AGGRESSIVE;
				GCC_WARN_UNUSED_FUNCTION = YES;
				GCC_WARN_UNUSED_VARIABLE = YES;
				IPHONEOS_DEPLOYMENT_TARGET = 10.3;
				MTL_ENABLE_DEBUG_INFO = NO;
				SDKROOT = iphoneos;
				SWIFT_OPTIMIZATION_LEVEL = "-Owholemodule";
				TARGETED_DEVICE_FAMILY = "1,2";
				VALIDATE_PRODUCT = YES;
			};
			name = Release;
		};
		635ED8C31F138DCF0039F36D /* Debug */ = {
			isa = XCBuildConfiguration;
			baseConfigurationReference = 74A715529CD92C4A504D9F4C /* Pods-MyGov.debug.xcconfig */;
			buildSettings = {
				ASSETCATALOG_COMPILER_APPICON_NAME = AppIcon;
				DEVELOPMENT_TEAM = X62Z6HXVND;
				INFOPLIST_FILE = MyGov/Info.plist;
				LD_RUNPATH_SEARCH_PATHS = "$(inherited) @executable_path/Frameworks";
				PRODUCT_BUNDLE_IDENTIFIER = "David-Brown.MyGov";
				PRODUCT_NAME = "$(TARGET_NAME)";
				SWIFT_VERSION = 3.0;
			};
			name = Debug;
		};
		635ED8C41F138DCF0039F36D /* Release */ = {
			isa = XCBuildConfiguration;
			baseConfigurationReference = B3320302B084EA5A54015C1F /* Pods-MyGov.release.xcconfig */;
			buildSettings = {
				ASSETCATALOG_COMPILER_APPICON_NAME = AppIcon;
				DEVELOPMENT_TEAM = X62Z6HXVND;
				INFOPLIST_FILE = MyGov/Info.plist;
				LD_RUNPATH_SEARCH_PATHS = "$(inherited) @executable_path/Frameworks";
				PRODUCT_BUNDLE_IDENTIFIER = "David-Brown.MyGov";
				PRODUCT_NAME = "$(TARGET_NAME)";
				SWIFT_VERSION = 3.0;
			};
			name = Release;
		};
/* End XCBuildConfiguration section */

/* Begin XCConfigurationList section */
		635ED8A91F138DCF0039F36D /* Build configuration list for PBXProject "MyGov" */ = {
			isa = XCConfigurationList;
			buildConfigurations = (
				635ED8C01F138DCF0039F36D /* Debug */,
				635ED8C11F138DCF0039F36D /* Release */,
			);
			defaultConfigurationIsVisible = 0;
			defaultConfigurationName = Release;
		};
		635ED8C21F138DCF0039F36D /* Build configuration list for PBXNativeTarget "MyGov" */ = {
			isa = XCConfigurationList;
			buildConfigurations = (
				635ED8C31F138DCF0039F36D /* Debug */,
				635ED8C41F138DCF0039F36D /* Release */,
			);
			defaultConfigurationIsVisible = 0;
			defaultConfigurationName = Release;
		};
/* End XCConfigurationList section */
	};
	rootObject = 635ED8A61F138DCF0039F36D /* Project object */;
}
